
Microsoft Visual Studio Solution File, Format Version 12.00
# Visual Studio Version 17
VisualStudioVersion = 17.10.35004.147
MinimumVisualStudioVersion = 10.0.40219.1
Project("{FAE04EC0-301F-11D3-BF4B-00C04F79EFBC}") = "BillTool", "BillTool\BillTool.csproj", "{4D05EEF1-1CB3-4F32-80B5-C06797433471}"
EndProject
Global
	GlobalSection(SolutionConfigurationPlatforms) = preSolution
		Debug|Any CPU = Debug|Any CPU
		Release|Any CPU = Release|Any CPU
	EndGlobalSection
	GlobalSection(ProjectConfigurationPlatforms) = postSolution
		{4D05EEF1-1CB3-4F32-80B5-C06797433471}.Debug|Any CPU.ActiveCfg = Debug|Any CPU
		{4D05EEF1-1CB3-4F32-80B5-C06797433471}.Debug|Any CPU.Build.0 = Debug|Any CPU
		{4D05EEF1-1CB3-4F32-80B5-C06797433471}.Release|Any CPU.ActiveCfg = Release|Any CPU
		{4D05EEF1-1CB3-4F32-80B5-C06797433471}.Release|Any CPU.Build.0 = Release|Any CPU
	EndGlobalSection
	GlobalSection(SolutionProperties) = preSolution
		HideSolutionNode = FALSE
	EndGlobalSection
	GlobalSection(ExtensibilityGlobals) = postSolution
		SolutionGuid = {84C5ACAE-5813-468D-AA01-DD2C53B45D48}
	EndGlobalSection
EndGlobal
